
Microsoft Visual Studio Solution File, Format Version 12.00
# Visual Studio Version 17
VisualStudioVersion = 17.7.34003.232
MinimumVisualStudioVersion = 10.0.40219.1
Project("{FAE04EC0-301F-11D3-BF4B-00C04F79EFBC}") = "wpf_play", "wpf_play\wpf_play.csproj", "{3E4A140F-EB92-4D01-BBF7-0C1479334C1C}"
EndProject
Project("{FAE04EC0-301F-11D3-BF4B-00C04F79EFBC}") = "wpf_LoginUI", "wpf_LoginUI\wpf_LoginUI.csproj", "{F97FCEA6-1BAB-4682-9A6C-EC8F16335A76}"
EndProject
Project("{FAE04EC0-301F-11D3-BF4B-00C04F79EFBC}") = "wpf_album", "wpf_album\wpf_album.csproj", "{B5E47CE8-1956-433B-907D-79B53CC368AF}"
EndProject
Project("{FAE04EC0-301F-11D3-BF4B-00C04F79EFBC}") = "Wpf_Prism_Material", "Wpf_Prism_Material\Wpf_Prism_Material.csproj", "{F0687E0D-9255-4C38-BB94-2657A8AB7E62}"
EndProject
Global
	GlobalSection(SolutionConfigurationPlatforms) = preSolution
		Debug|Any CPU = Debug|Any CPU
		Debug|x64 = Debug|x64
		Release|Any CPU = Release|Any CPU
		Release|x64 = Release|x64
	EndGlobalSection
	GlobalSection(ProjectConfigurationPlatforms) = postSolution
		{3E4A140F-EB92-4D01-BBF7-0C1479334C1C}.Debug|Any CPU.ActiveCfg = Debug|Any CPU
		{3E4A140F-EB92-4D01-BBF7-0C1479334C1C}.Debug|Any CPU.Build.0 = Debug|Any CPU
		{3E4A140F-EB92-4D01-BBF7-0C1479334C1C}.Debug|x64.ActiveCfg = Debug|Any CPU
		{3E4A140F-EB92-4D01-BBF7-0C1479334C1C}.Debug|x64.Build.0 = Debug|Any CPU
		{3E4A140F-EB92-4D01-BBF7-0C1479334C1C}.Release|Any CPU.ActiveCfg = Release|Any CPU
		{3E4A140F-EB92-4D01-BBF7-0C1479334C1C}.Release|Any CPU.Build.0 = Release|Any CPU
		{3E4A140F-EB92-4D01-BBF7-0C1479334C1C}.Release|x64.ActiveCfg = Release|Any CPU
		{3E4A140F-EB92-4D01-BBF7-0C1479334C1C}.Release|x64.Build.0 = Release|Any CPU
		{F97FCEA6-1BAB-4682-9A6C-EC8F16335A76}.Debug|Any CPU.ActiveCfg = Debug|Any CPU
		{F97FCEA6-1BAB-4682-9A6C-EC8F16335A76}.Debug|Any CPU.Build.0 = Debug|Any CPU
		{F97FCEA6-1BAB-4682-9A6C-EC8F16335A76}.Debug|x64.ActiveCfg = Debug|x64
		{F97FCEA6-1BAB-4682-9A6C-EC8F16335A76}.Debug|x64.Build.0 = Debug|x64
		{F97FCEA6-1BAB-4682-9A6C-EC8F16335A76}.Release|Any CPU.ActiveCfg = Release|Any CPU
		{F97FCEA6-1BAB-4682-9A6C-EC8F16335A76}.Release|Any CPU.Build.0 = Release|Any CPU
		{F97FCEA6-1BAB-4682-9A6C-EC8F16335A76}.Release|x64.ActiveCfg = Release|x64
		{F97FCEA6-1BAB-4682-9A6C-EC8F16335A76}.Release|x64.Build.0 = Release|x64
		{B5E47CE8-1956-433B-907D-79B53CC368AF}.Debug|Any CPU.ActiveCfg = Debug|Any CPU
		{B5E47CE8-1956-433B-907D-79B53CC368AF}.Debug|Any CPU.Build.0 = Debug|Any CPU
		{B5E47CE8-1956-433B-907D-79B53CC368AF}.Debug|x64.ActiveCfg = Debug|Any CPU
		{B5E47CE8-1956-433B-907D-79B53CC368AF}.Debug|x64.Build.0 = Debug|Any CPU
		{B5E47CE8-1956-433B-907D-79B53CC368AF}.Release|Any CPU.ActiveCfg = Release|Any CPU
		{B5E47CE8-1956-433B-907D-79B53CC368AF}.Release|Any CPU.Build.0 = Release|Any CPU
		{B5E47CE8-1956-433B-907D-79B53CC368AF}.Release|x64.ActiveCfg = Release|Any CPU
		{B5E47CE8-1956-433B-907D-79B53CC368AF}.Release|x64.Build.0 = Release|Any CPU
		{F0687E0D-9255-4C38-BB94-2657A8AB7E62}.Debug|Any CPU.ActiveCfg = Debug|Any CPU
		{F0687E0D-9255-4C38-BB94-2657A8AB7E62}.Debug|Any CPU.Build.0 = Debug|Any CPU
		{F0687E0D-9255-4C38-BB94-2657A8AB7E62}.Debug|x64.ActiveCfg = Debug|Any CPU
		{F0687E0D-9255-4C38-BB94-2657A8AB7E62}.Debug|x64.Build.0 = Debug|Any CPU
		{F0687E0D-9255-4C38-BB94-2657A8AB7E62}.Release|Any CPU.ActiveCfg = Release|Any CPU
		{F0687E0D-9255-4C38-BB94-2657A8AB7E62}.Release|Any CPU.Build.0 = Release|Any CPU
		{F0687E0D-9255-4C38-BB94-2657A8AB7E62}.Release|x64.ActiveCfg = Release|Any CPU
		{F0687E0D-9255-4C38-BB94-2657A8AB7E62}.Release|x64.Build.0 = Release|Any CPU
	EndGlobalSection
	GlobalSection(SolutionProperties) = preSolution
		HideSolutionNode = FALSE
	EndGlobalSection
	GlobalSection(ExtensibilityGlobals) = postSolution
		SolutionGuid = {8C15A878-3ACC-491B-88D9-28918B3DFEDB}
	EndGlobalSection
EndGlobal
